// !$*UTF8*$!
{
	archiveVersion = 1;
	classes = {
	};
	objectVersion = 46;
	objects = {

/* Begin PBXBuildFile section */
		7B012D32171FAA0600BC575F /* Test.m in Sources */ = {isa = PBXBuildFile; fileRef = 7B012D31171FAA0600BC575F /* Test.m */; };
		7B7C98A1171E84FB0006968E /* UIKit.framework in Frameworks */ = {isa = PBXBuildFile; fileRef = 7B7C98A0171E84FB0006968E /* UIKit.framework */; };
		7B7C98A3171E84FB0006968E /* Foundation.framework in Frameworks */ = {isa = PBXBuildFile; fileRef = 7B7C98A2171E84FB0006968E /* Foundation.framework */; };
		7B7C98A5171E84FB0006968E /* CoreGraphics.framework in Frameworks */ = {isa = PBXBuildFile; fileRef = 7B7C98A4171E84FB0006968E /* CoreGraphics.framework */; };
		7B7C98AB171E84FB0006968E /* InfoPlist.strings in Resources */ = {isa = PBXBuildFile; fileRef = 7B7C98A9171E84FB0006968E /* InfoPlist.strings */; };
		7B7C98AD171E84FB0006968E /* main.m in Sources */ = {isa = PBXBuildFile; fileRef = 7B7C98AC171E84FB0006968E /* main.m */; };
		7B7C98B1171E84FB0006968E /* AppDelegate.m in Sources */ = {isa = PBXBuildFile; fileRef = 7B7C98B0171E84FB0006968E /* AppDelegate.m */; };
		7B7C98B3171E84FB0006968E /* Default.png in Resources */ = {isa = PBXBuildFile; fileRef = 7B7C98B2171E84FB0006968E /* Default.png */; };
		7B7C98B5171E84FB0006968E /* Default@2x.png in Resources */ = {isa = PBXBuildFile; fileRef = 7B7C98B4171E84FB0006968E /* Default@2x.png */; };
		7B7C98B7171E84FB0006968E /* Default-568h@2x.png in Resources */ = {isa = PBXBuildFile; fileRef = 7B7C98B6171E84FB0006968E /* Default-568h@2x.png */; };
		7B7C98BA171E84FB0006968E /* ViewController.m in Sources */ = {isa = PBXBuildFile; fileRef = 7B7C98B9171E84FB0006968E /* ViewController.m */; };
		7B7C98C5171E85850006968E /* MyRateAlertView.m in Sources */ = {isa = PBXBuildFile; fileRef = 7B7C98C4171E85850006968E /* MyRateAlertView.m */; };
		7B7C98C7171E8ACB0006968E /* QuartzCore.framework in Frameworks */ = {isa = PBXBuildFile; fileRef = 7B7C98C6171E8ACB0006968E /* QuartzCore.framework */; };
		7B7C98D7171E8C950006968E /* Icon@2x.png in Resources */ = {isa = PBXBuildFile; fileRef = 7B7C98D5171E8C950006968E /* Icon@2x.png */; };
		7B8A927E1720FB4B007705B3 /* AppDevViewController.m in Sources */ = {isa = PBXBuildFile; fileRef = 7B8A927C1720FB4B007705B3 /* AppDevViewController.m */; };
		7B8A929817214160007705B3 /* JSONKit.m in Sources */ = {isa = PBXBuildFile; fileRef = 7B8A929717212F7F007705B3 /* JSONKit.m */; };
		7BF206AD1724EA3300E4944F /* BlockAlertView.m in Sources */ = {isa = PBXBuildFile; fileRef = 7BF206AA1724EA3300E4944F /* BlockAlertView.m */; };
		7BF206AE1724EA3300E4944F /* BlockBackground.m in Sources */ = {isa = PBXBuildFile; fileRef = 7BF206AC1724EA3300E4944F /* BlockBackground.m */; };
		7BF206D01724EE0200E4944F /* action-black-button-selected.png in Resources */ = {isa = PBXBuildFile; fileRef = 7BF206B11724EE0200E4944F /* action-black-button-selected.png */; };
		7BF206D11724EE0200E4944F /* action-black-button-selected@2x.png in Resources */ = {isa = PBXBuildFile; fileRef = 7BF206B21724EE0200E4944F /* action-black-button-selected@2x.png */; };
		7BF206D21724EE0200E4944F /* action-black-button.png in Resources */ = {isa = PBXBuildFile; fileRef = 7BF206B31724EE0200E4944F /* action-black-button.png */; };
		7BF206D31724EE0200E4944F /* action-black-button@2x.png in Resources */ = {isa = PBXBuildFile; fileRef = 7BF206B41724EE0200E4944F /* action-black-button@2x.png */; };
		7BF206D41724EE0200E4944F /* action-gray-button-selected.png in Resources */ = {isa = PBXBuildFile; fileRef = 7BF206B51724EE0200E4944F /* action-gray-button-selected.png */; };
		7BF206D51724EE0200E4944F /* action-gray-button-selected@2x.png in Resources */ = {isa = PBXBuildFile; fileRef = 7BF206B61724EE0200E4944F /* action-gray-button-selected@2x.png */; };
		7BF206D61724EE0200E4944F /* action-gray-button.png in Resources */ = {isa = PBXBuildFile; fileRef = 7BF206B71724EE0200E4944F /* action-gray-button.png */; };
		7BF206D71724EE0200E4944F /* action-gray-button@2x.png in Resources */ = {isa = PBXBuildFile; fileRef = 7BF206B81724EE0200E4944F /* action-gray-button@2x.png */; };
		7BF206D81724EE0200E4944F /* action-red-button-selected.png in Resources */ = {isa = PBXBuildFile; fileRef = 7BF206B91724EE0200E4944F /* action-red-button-selected.png */; };
		7BF206D91724EE0200E4944F /* action-red-button-selected@2x.png in Resources */ = {isa = PBXBuildFile; fileRef = 7BF206BA1724EE0200E4944F /* action-red-button-selected@2x.png */; };
		7BF206DA1724EE0200E4944F /* action-red-button.png in Resources */ = {isa = PBXBuildFile; fileRef = 7BF206BB1724EE0200E4944F /* action-red-button.png */; };
		7BF206DB1724EE0200E4944F /* action-red-button@2x.png in Resources */ = {isa = PBXBuildFile; fileRef = 7BF206BC1724EE0200E4944F /* action-red-button@2x.png */; };
		7BF206DC1724EE0200E4944F /* action-sheet-panel.png in Resources */ = {isa = PBXBuildFile; fileRef = 7BF206BD1724EE0200E4944F /* action-sheet-panel.png */; };
		7BF206DD1724EE0200E4944F /* action-sheet-panel@2x.png in Resources */ = {isa = PBXBuildFile; fileRef = 7BF206BE1724EE0200E4944F /* action-sheet-panel@2x.png */; };
		7BF206DE1724EE0200E4944F /* alert-black-button.png in Resources */ = {isa = PBXBuildFile; fileRef = 7BF206C01724EE0200E4944F /* alert-black-button.png */; };
		7BF206DF1724EE0200E4944F /* alert-black-button@2x.png in Resources */ = {isa = PBXBuildFile; fileRef = 7BF206C11724EE0200E4944F /* alert-black-button@2x.png */; };
		7BF206E01724EE0200E4944F /* alert-gray-button.png in Resources */ = {isa = PBXBuildFile; fileRef = 7BF206C21724EE0200E4944F /* alert-gray-button.png */; };
		7BF206E11724EE0200E4944F /* alert-gray-button@2x.png in Resources */ = {isa = PBXBuildFile; fileRef = 7BF206C31724EE0200E4944F /* alert-gray-button@2x.png */; };
		7BF206E21724EE0200E4944F /* alert-red-button.png in Resources */ = {isa = PBXBuildFile; fileRef = 7BF206C41724EE0200E4944F /* alert-red-button.png */; };
		7BF206E31724EE0200E4944F /* alert-red-button@2x.png in Resources */ = {isa = PBXBuildFile; fileRef = 7BF206C51724EE0200E4944F /* alert-red-button@2x.png */; };
		7BF206E41724EE0200E4944F /* alert-window-landscape.png in Resources */ = {isa = PBXBuildFile; fileRef = 7BF206C61724EE0200E4944F /* alert-window-landscape.png */; };
		7BF206E51724EE0200E4944F /* alert-window-landscape@2x.png in Resources */ = {isa = PBXBuildFile; fileRef = 7BF206C71724EE0200E4944F /* alert-window-landscape@2x.png */; };
		7BF206E61724EE0200E4944F /* alert-window.png in Resources */ = {isa = PBXBuildFile; fileRef = 7BF206C81724EE0200E4944F /* alert-window.png */; };
		7BF206E71724EE0200E4944F /* alert-window@2x.png in Resources */ = {isa = PBXBuildFile; fileRef = 7BF206C91724EE0200E4944F /* alert-window@2x.png */; };
		7BF206E81724EE0200E4944F /* arrived.png in Resources */ = {isa = PBXBuildFile; fileRef = 7BF206CA1724EE0200E4944F /* arrived.png */; };
		7BF206E91724EE0200E4944F /* arrived@2x.png in Resources */ = {isa = PBXBuildFile; fileRef = 7BF206CB1724EE0200E4944F /* arrived@2x.png */; };
		7BF206EA1724EE0200E4944F /* button_grey.png in Resources */ = {isa = PBXBuildFile; fileRef = 7BF206CC1724EE0200E4944F /* button_grey.png */; };
		7BF206EB1724EE0200E4944F /* button_grey@2x.png in Resources */ = {isa = PBXBuildFile; fileRef = 7BF206CD1724EE0200E4944F /* button_grey@2x.png */; };
		7BF206EC1724EE0200E4944F /* button_red.png in Resources */ = {isa = PBXBuildFile; fileRef = 7BF206CE1724EE0200E4944F /* button_red.png */; };
		7BF206ED1724EE0200E4944F /* button_red@2x.png in Resources */ = {isa = PBXBuildFile; fileRef = 7BF206CF1724EE0200E4944F /* button_red@2x.png */; };
/* End PBXBuildFile section */

/* Begin PBXFileReference section */
		7B012D30171FAA0600BC575F /* Test.h */ = {isa = PBXFileReference; fileEncoding = 4; lastKnownFileType = sourcecode.c.h; path = Test.h; sourceTree = "<group>"; };
		7B012D31171FAA0600BC575F /* Test.m */ = {isa = PBXFileReference; fileEncoding = 4; lastKnownFileType = sourcecode.c.objc; path = Test.m; sourceTree = "<group>"; };
		7B7C989D171E84FB0006968E /* RateViewTest.app */ = {isa = PBXFileReference; explicitFileType = wrapper.application; includeInIndex = 0; path = RateViewTest.app; sourceTree = BUILT_PRODUCTS_DIR; };
		7B7C98A0171E84FB0006968E /* UIKit.framework */ = {isa = PBXFileReference; lastKnownFileType = wrapper.framework; name = UIKit.framework; path = System/Library/Frameworks/UIKit.framework; sourceTree = SDKROOT; };
		7B7C98A2171E84FB0006968E /* Foundation.framework */ = {isa = PBXFileReference; lastKnownFileType = wrapper.framework; name = Foundation.framework; path = System/Library/Frameworks/Foundation.framework; sourceTree = SDKROOT; };
		7B7C98A4171E84FB0006968E /* CoreGraphics.framework */ = {isa = PBXFileReference; lastKnownFileType = wrapper.framework; name = CoreGraphics.framework; path = System/Library/Frameworks/CoreGraphics.framework; sourceTree = SDKROOT; };
		7B7C98A8171E84FB0006968E /* RateViewTest-Info.plist */ = {isa = PBXFileReference; lastKnownFileType = text.plist.xml; path = "RateViewTest-Info.plist"; sourceTree = "<group>"; };
		7B7C98AA171E84FB0006968E /* en */ = {isa = PBXFileReference; lastKnownFileType = text.plist.strings; name = en; path = en.lproj/InfoPlist.strings; sourceTree = "<group>"; };
		7B7C98AC171E84FB0006968E /* main.m */ = {isa = PBXFileReference; lastKnownFileType = sourcecode.c.objc; path = main.m; sourceTree = "<group>"; };
		7B7C98AE171E84FB0006968E /* RateViewTest-Prefix.pch */ = {isa = PBXFileReference; lastKnownFileType = sourcecode.c.h; path = "RateViewTest-Prefix.pch"; sourceTree = "<group>"; };
		7B7C98AF171E84FB0006968E /* AppDelegate.h */ = {isa = PBXFileReference; lastKnownFileType = sourcecode.c.h; path = AppDelegate.h; sourceTree = "<group>"; };
		7B7C98B0171E84FB0006968E /* AppDelegate.m */ = {isa = PBXFileReference; lastKnownFileType = sourcecode.c.objc; path = AppDelegate.m; sourceTree = "<group>"; };
		7B7C98B2171E84FB0006968E /* Default.png */ = {isa = PBXFileReference; lastKnownFileType = image.png; path = Default.png; sourceTree = "<group>"; };
		7B7C98B4171E84FB0006968E /* Default@2x.png */ = {isa = PBXFileReference; lastKnownFileType = image.png; path = "Default@2x.png"; sourceTree = "<group>"; };
		7B7C98B6171E84FB0006968E /* Default-568h@2x.png */ = {isa = PBXFileReference; lastKnownFileType = image.png; path = "Default-568h@2x.png"; sourceTree = "<group>"; };
		7B7C98B8171E84FB0006968E /* ViewController.h */ = {isa = PBXFileReference; lastKnownFileType = sourcecode.c.h; path = ViewController.h; sourceTree = "<group>"; };
		7B7C98B9171E84FB0006968E /* ViewController.m */ = {isa = PBXFileReference; lastKnownFileType = sourcecode.c.objc; path = ViewController.m; sourceTree = "<group>"; };
		7B7C98C3171E85850006968E /* MyRateAlertView.h */ = {isa = PBXFileReference; fileEncoding = 4; lastKnownFileType = sourcecode.c.h; path = MyRateAlertView.h; sourceTree = "<group>"; };
		7B7C98C4171E85850006968E /* MyRateAlertView.m */ = {isa = PBXFileReference; fileEncoding = 4; lastKnownFileType = sourcecode.c.objc; path = MyRateAlertView.m; sourceTree = "<group>"; };
		7B7C98C6171E8ACB0006968E /* QuartzCore.framework */ = {isa = PBXFileReference; lastKnownFileType = wrapper.framework; name = QuartzCore.framework; path = System/Library/Frameworks/QuartzCore.framework; sourceTree = SDKROOT; };
		7B7C98D5171E8C950006968E /* Icon@2x.png */ = {isa = PBXFileReference; lastKnownFileType = image.png; path = "Icon@2x.png"; sourceTree = "<group>"; };
		7B8A927B1720FB4B007705B3 /* AppDevViewController.h */ = {isa = PBXFileReference; fileEncoding = 4; lastKnownFileType = sourcecode.c.h; path = AppDevViewController.h; sourceTree = "<group>"; };
		7B8A927C1720FB4B007705B3 /* AppDevViewController.m */ = {isa = PBXFileReference; fileEncoding = 4; lastKnownFileType = sourcecode.c.objc; path = AppDevViewController.m; sourceTree = "<group>"; };
		7B8A929617212F7F007705B3 /* JSONKit.h */ = {isa = PBXFileReference; lastKnownFileType = sourcecode.c.h; path = JSONKit.h; sourceTree = "<group>"; };
		7B8A929717212F7F007705B3 /* JSONKit.m */ = {isa = PBXFileReference; lastKnownFileType = sourcecode.c.objc; path = JSONKit.m; sourceTree = "<group>"; };
		7BF206A81724EA3300E4944F /* BlockUI.h */ = {isa = PBXFileReference; fileEncoding = 4; lastKnownFileType = sourcecode.c.h; path = BlockUI.h; sourceTree = "<group>"; };
		7BF206A91724EA3300E4944F /* BlockAlertView.h */ = {isa = PBXFileReference; fileEncoding = 4; lastKnownFileType = sourcecode.c.h; path = BlockAlertView.h; sourceTree = "<group>"; };
		7BF206AA1724EA3300E4944F /* BlockAlertView.m */ = {isa = PBXFileReference; fileEncoding = 4; lastKnownFileType = sourcecode.c.objc; path = BlockAlertView.m; sourceTree = "<group>"; };
		7BF206AB1724EA3300E4944F /* BlockBackground.h */ = {isa = PBXFileReference; fileEncoding = 4; lastKnownFileType = sourcecode.c.h; path = BlockBackground.h; sourceTree = "<group>"; };
		7BF206AC1724EA3300E4944F /* BlockBackground.m */ = {isa = PBXFileReference; fileEncoding = 4; lastKnownFileType = sourcecode.c.objc; path = BlockBackground.m; sourceTree = "<group>"; };
		7BF206B11724EE0200E4944F /* action-black-button-selected.png */ = {isa = PBXFileReference; lastKnownFileType = image.png; path = "action-black-button-selected.png"; sourceTree = "<group>"; };
		7BF206B21724EE0200E4944F /* action-black-button-selected@2x.png */ = {isa = PBXFileReference; lastKnownFileType = image.png; path = "action-black-button-selected@2x.png"; sourceTree = "<group>"; };
		7BF206B31724EE0200E4944F /* action-black-button.png */ = {isa = PBXFileReference; lastKnownFileType = image.png; path = "action-black-button.png"; sourceTree = "<group>"; };
		7BF206B41724EE0200E4944F /* action-black-button@2x.png */ = {isa = PBXFileReference; lastKnownFileType = image.png; path = "action-black-button@2x.png"; sourceTree = "<group>"; };
		7BF206B51724EE0200E4944F /* action-gray-button-selected.png */ = {isa = PBXFileReference; lastKnownFileType = image.png; path = "action-gray-button-selected.png"; sourceTree = "<group>"; };
		7BF206B61724EE0200E4944F /* action-gray-button-selected@2x.png */ = {isa = PBXFileReference; lastKnownFileType = image.png; path = "action-gray-button-selected@2x.png"; sourceTree = "<group>"; };
		7BF206B71724EE0200E4944F /* action-gray-button.png */ = {isa = PBXFileReference; lastKnownFileType = image.png; path = "action-gray-button.png"; sourceTree = "<group>"; };
		7BF206B81724EE0200E4944F /* action-gray-button@2x.png */ = {isa = PBXFileReference; lastKnownFileType = image.png; path = "action-gray-button@2x.png"; sourceTree = "<group>"; };
		7BF206B91724EE0200E4944F /* action-red-button-selected.png */ = {isa = PBXFileReference; lastKnownFileType = image.png; path = "action-red-button-selected.png"; sourceTree = "<group>"; };
		7BF206BA1724EE0200E4944F /* action-red-button-selected@2x.png */ = {isa = PBXFileReference; lastKnownFileType = image.png; path = "action-red-button-selected@2x.png"; sourceTree = "<group>"; };
		7BF206BB1724EE0200E4944F /* action-red-button.png */ = {isa = PBXFileReference; lastKnownFileType = image.png; path = "action-red-button.png"; sourceTree = "<group>"; };
		7BF206BC1724EE0200E4944F /* action-red-button@2x.png */ = {isa = PBXFileReference; lastKnownFileType = image.png; path = "action-red-button@2x.png"; sourceTree = "<group>"; };
		7BF206BD1724EE0200E4944F /* action-sheet-panel.png */ = {isa = PBXFileReference; lastKnownFileType = image.png; path = "action-sheet-panel.png"; sourceTree = "<group>"; };
		7BF206BE1724EE0200E4944F /* action-sheet-panel@2x.png */ = {isa = PBXFileReference; lastKnownFileType = image.png; path = "action-sheet-panel@2x.png"; sourceTree = "<group>"; };
		7BF206C01724EE0200E4944F /* alert-black-button.png */ = {isa = PBXFileReference; lastKnownFileType = image.png; path = "alert-black-button.png"; sourceTree = "<group>"; };
		7BF206C11724EE0200E4944F /* alert-black-button@2x.png */ = {isa = PBXFileReference; lastKnownFileType = image.png; path = "alert-black-button@2x.png"; sourceTree = "<group>"; };
		7BF206C21724EE0200E4944F /* alert-gray-button.png */ = {isa = PBXFileReference; lastKnownFileType = image.png; path = "alert-gray-button.png"; sourceTree = "<group>"; };
		7BF206C31724EE0200E4944F /* alert-gray-button@2x.png */ = {isa = PBXFileReference; lastKnownFileType = image.png; path = "alert-gray-button@2x.png"; sourceTree = "<group>"; };
		7BF206C41724EE0200E4944F /* alert-red-button.png */ = {isa = PBXFileReference; lastKnownFileType = image.png; path = "alert-red-button.png"; sourceTree = "<group>"; };
		7BF206C51724EE0200E4944F /* alert-red-button@2x.png */ = {isa = PBXFileReference; lastKnownFileType = image.png; path = "alert-red-button@2x.png"; sourceTree = "<group>"; };
		7BF206C61724EE0200E4944F /* alert-window-landscape.png */ = {isa = PBXFileReference; lastKnownFileType = image.png; path = "alert-window-landscape.png"; sourceTree = "<group>"; };
		7BF206C71724EE0200E4944F /* alert-window-landscape@2x.png */ = {isa = PBXFileReference; lastKnownFileType = image.png; path = "alert-window-landscape@2x.png"; sourceTree = "<group>"; };
		7BF206C81724EE0200E4944F /* alert-window.png */ = {isa = PBXFileReference; lastKnownFileType = image.png; path = "alert-window.png"; sourceTree = "<group>"; };
		7BF206C91724EE0200E4944F /* alert-window@2x.png */ = {isa = PBXFileReference; lastKnownFileType = image.png; path = "alert-window@2x.png"; sourceTree = "<group>"; };
		7BF206CA1724EE0200E4944F /* arrived.png */ = {isa = PBXFileReference; lastKnownFileType = image.png; path = arrived.png; sourceTree = "<group>"; };
		7BF206CB1724EE0200E4944F /* arrived@2x.png */ = {isa = PBXFileReference; lastKnownFileType = image.png; path = "arrived@2x.png"; sourceTree = "<group>"; };
		7BF206CC1724EE0200E4944F /* button_grey.png */ = {isa = PBXFileReference; lastKnownFileType = image.png; path = button_grey.png; sourceTree = "<group>"; };
		7BF206CD1724EE0200E4944F /* button_grey@2x.png */ = {isa = PBXFileReference; lastKnownFileType = image.png; path = "button_grey@2x.png"; sourceTree = "<group>"; };
		7BF206CE1724EE0200E4944F /* button_red.png */ = {isa = PBXFileReference; lastKnownFileType = image.png; path = button_red.png; sourceTree = "<group>"; };
		7BF206CF1724EE0200E4944F /* button_red@2x.png */ = {isa = PBXFileReference; lastKnownFileType = image.png; path = "button_red@2x.png"; sourceTree = "<group>"; };
/* End PBXFileReference section */

/* Begin PBXFrameworksBuildPhase section */
		7B7C989A171E84FB0006968E /* Frameworks */ = {
			isa = PBXFrameworksBuildPhase;
			buildActionMask = 2147483647;
			files = (
				7B7C98C7171E8ACB0006968E /* QuartzCore.framework in Frameworks */,
				7B7C98A1171E84FB0006968E /* UIKit.framework in Frameworks */,
				7B7C98A3171E84FB0006968E /* Foundation.framework in Frameworks */,
				7B7C98A5171E84FB0006968E /* CoreGraphics.framework in Frameworks */,
			);
			runOnlyForDeploymentPostprocessing = 0;
		};
/* End PBXFrameworksBuildPhase section */

/* Begin PBXGroup section */
		7B7C9894171E84FA0006968E = {
			isa = PBXGroup;
			children = (
				7B7C98A6171E84FB0006968E /* RateViewTest */,
				7B7C989F171E84FB0006968E /* Frameworks */,
				7B7C989E171E84FB0006968E /* Products */,
			);
			sourceTree = "<group>";
		};
		7B7C989E171E84FB0006968E /* Products */ = {
			isa = PBXGroup;
			children = (
				7B7C989D171E84FB0006968E /* RateViewTest.app */,
			);
			name = Products;
			sourceTree = "<group>";
		};
		7B7C989F171E84FB0006968E /* Frameworks */ = {
			isa = PBXGroup;
			children = (
				7B7C98C6171E8ACB0006968E /* QuartzCore.framework */,
				7B7C98A0171E84FB0006968E /* UIKit.framework */,
				7B7C98A2171E84FB0006968E /* Foundation.framework */,
				7B7C98A4171E84FB0006968E /* CoreGraphics.framework */,
			);
			name = Frameworks;
			sourceTree = "<group>";
		};
		7B7C98A6171E84FB0006968E /* RateViewTest */ = {
			isa = PBXGroup;
			children = (
				7B7C98AF171E84FB0006968E /* AppDelegate.h */,
				7B7C98B0171E84FB0006968E /* AppDelegate.m */,
				7B7C98B8171E84FB0006968E /* ViewController.h */,
				7B7C98B9171E84FB0006968E /* ViewController.m */,
				7B7C98C3171E85850006968E /* MyRateAlertView.h */,
				7B7C98C4171E85850006968E /* MyRateAlertView.m */,
				7B8A927B1720FB4B007705B3 /* AppDevViewController.h */,
				7B8A927C1720FB4B007705B3 /* AppDevViewController.m */,
				7B012D30171FAA0600BC575F /* Test.h */,
				7B012D31171FAA0600BC575F /* Test.m */,
				7B8A929617212F7F007705B3 /* JSONKit.h */,
				7B8A929717212F7F007705B3 /* JSONKit.m */,
				7BF206A81724EA3300E4944F /* BlockUI.h */,
				7BF206A91724EA3300E4944F /* BlockAlertView.h */,
				7BF206AA1724EA3300E4944F /* BlockAlertView.m */,
				7BF206AB1724EA3300E4944F /* BlockBackground.h */,
				7BF206AC1724EA3300E4944F /* BlockBackground.m */,
				7B7C98A7171E84FB0006968E /* Supporting Files */,
			);
			path = RateViewTest;
			sourceTree = "<group>";
		};
		7B7C98A7171E84FB0006968E /* Supporting Files */ = {
			isa = PBXGroup;
			children = (
				7B7C98D5171E8C950006968E /* Icon@2x.png */,
				7BF206AF1724EE0200E4944F /* images */,
				7B7C98A8171E84FB0006968E /* RateViewTest-Info.plist */,
				7B7C98A9171E84FB0006968E /* InfoPlist.strings */,
				7B7C98AC171E84FB0006968E /* main.m */,
				7B7C98AE171E84FB0006968E /* RateViewTest-Prefix.pch */,
				7B7C98B2171E84FB0006968E /* Default.png */,
				7B7C98B4171E84FB0006968E /* Default@2x.png */,
				7B7C98B6171E84FB0006968E /* Default-568h@2x.png */,
			);
			name = "Supporting Files";
			sourceTree = "<group>";
		};
		7BF206AF1724EE0200E4944F /* images */ = {
			isa = PBXGroup;
			children = (
				7BF206B01724EE0200E4944F /* ActionSheet */,
				7BF206BF1724EE0200E4944F /* AlertView */,
				7BF206CA1724EE0200E4944F /* arrived.png */,
				7BF206CB1724EE0200E4944F /* arrived@2x.png */,
				7BF206CC1724EE0200E4944F /* button_grey.png */,
				7BF206CD1724EE0200E4944F /* button_grey@2x.png */,
				7BF206CE1724EE0200E4944F /* button_red.png */,
				7BF206CF1724EE0200E4944F /* button_red@2x.png */,
			);
			path = images;
			sourceTree = "<group>";
		};
		7BF206B01724EE0200E4944F /* ActionSheet */ = {
			isa = PBXGroup;
			children = (
				7BF206B11724EE0200E4944F /* action-black-button-selected.png */,
				7BF206B21724EE0200E4944F /* action-black-button-selected@2x.png */,
				7BF206B31724EE0200E4944F /* action-black-button.png */,
				7BF206B41724EE0200E4944F /* action-black-button@2x.png */,
				7BF206B51724EE0200E4944F /* action-gray-button-selected.png */,
				7BF206B61724EE0200E4944F /* action-gray-button-selected@2x.png */,
				7BF206B71724EE0200E4944F /* action-gray-button.png */,
				7BF206B81724EE0200E4944F /* action-gray-button@2x.png */,
				7BF206B91724EE0200E4944F /* action-red-button-selected.png */,
				7BF206BA1724EE0200E4944F /* action-red-button-selected@2x.png */,
				7BF206BB1724EE0200E4944F /* action-red-button.png */,
				7BF206BC1724EE0200E4944F /* action-red-button@2x.png */,
				7BF206BD1724EE0200E4944F /* action-sheet-panel.png */,
				7BF206BE1724EE0200E4944F /* action-sheet-panel@2x.png */,
			);
			path = ActionSheet;
			sourceTree = "<group>";
		};
		7BF206BF1724EE0200E4944F /* AlertView */ = {
			isa = PBXGroup;
			children = (
				7BF206C01724EE0200E4944F /* alert-black-button.png */,
				7BF206C11724EE0200E4944F /* alert-black-button@2x.png */,
				7BF206C21724EE0200E4944F /* alert-gray-button.png */,
				7BF206C31724EE0200E4944F /* alert-gray-button@2x.png */,
				7BF206C41724EE0200E4944F /* alert-red-button.png */,
				7BF206C51724EE0200E4944F /* alert-red-button@2x.png */,
				7BF206C61724EE0200E4944F /* alert-window-landscape.png */,
				7BF206C71724EE0200E4944F /* alert-window-landscape@2x.png */,
				7BF206C81724EE0200E4944F /* alert-window.png */,
				7BF206C91724EE0200E4944F /* alert-window@2x.png */,
			);
			path = AlertView;
			sourceTree = "<group>";
		};
/* End PBXGroup section */

/* Begin PBXNativeTarget section */
		7B7C989C171E84FB0006968E /* RateViewTest */ = {
			isa = PBXNativeTarget;
			buildConfigurationList = 7B7C98C0171E84FB0006968E /* Build configuration list for PBXNativeTarget "RateViewTest" */;
			buildPhases = (
				7B7C9899171E84FB0006968E /* Sources */,
				7B7C989A171E84FB0006968E /* Frameworks */,
				7B7C989B171E84FB0006968E /* Resources */,
			);
			buildRules = (
			);
			dependencies = (
			);
			name = RateViewTest;
			productName = RateViewTest;
			productReference = 7B7C989D171E84FB0006968E /* RateViewTest.app */;
			productType = "com.apple.product-type.application";
		};
/* End PBXNativeTarget section */

/* Begin PBXProject section */
		7B7C9895171E84FA0006968E /* Project object */ = {
			isa = PBXProject;
			attributes = {
				LastUpgradeCheck = 0460;
				ORGANIZATIONNAME = askar;
			};
			buildConfigurationList = 7B7C9898171E84FB0006968E /* Build configuration list for PBXProject "RateViewTest" */;
			compatibilityVersion = "Xcode 3.2";
			developmentRegion = English;
			hasScannedForEncodings = 0;
			knownRegions = (
				en,
			);
			mainGroup = 7B7C9894171E84FA0006968E;
			productRefGroup = 7B7C989E171E84FB0006968E /* Products */;
			projectDirPath = "";
			projectRoot = "";
			targets = (
				7B7C989C171E84FB0006968E /* RateViewTest */,
			);
		};
/* End PBXProject section */

/* Begin PBXResourcesBuildPhase section */
		7B7C989B171E84FB0006968E /* Resources */ = {
			isa = PBXResourcesBuildPhase;
			buildActionMask = 2147483647;
			files = (
				7B7C98AB171E84FB0006968E /* InfoPlist.strings in Resources */,
				7B7C98B3171E84FB0006968E /* Default.png in Resources */,
				7B7C98B5171E84FB0006968E /* Default@2x.png in Resources */,
				7B7C98B7171E84FB0006968E /* Default-568h@2x.png in Resources */,
				7B7C98D7171E8C950006968E /* Icon@2x.png in Resources */,
				7BF206D01724EE0200E4944F /* action-black-button-selected.png in Resources */,
				7BF206D11724EE0200E4944F /* action-black-button-selected@2x.png in Resources */,
				7BF206D21724EE0200E4944F /* action-black-button.png in Resources */,
				7BF206D31724EE0200E4944F /* action-black-button@2x.png in Resources */,
				7BF206D41724EE0200E4944F /* action-gray-button-selected.png in Resources */,
				7BF206D51724EE0200E4944F /* action-gray-button-selected@2x.png in Resources */,
				7BF206D61724EE0200E4944F /* action-gray-button.png in Resources */,
				7BF206D71724EE0200E4944F /* action-gray-button@2x.png in Resources */,
				7BF206D81724EE0200E4944F /* action-red-button-selected.png in Resources */,
				7BF206D91724EE0200E4944F /* action-red-button-selected@2x.png in Resources */,
				7BF206DA1724EE0200E4944F /* action-red-button.png in Resources */,
				7BF206DB1724EE0200E4944F /* action-red-button@2x.png in Resources */,
				7BF206DC1724EE0200E4944F /* action-sheet-panel.png in Resources */,
				7BF206DD1724EE0200E4944F /* action-sheet-panel@2x.png in Resources */,
				7BF206DE1724EE0200E4944F /* alert-black-button.png in Resources */,
				7BF206DF1724EE0200E4944F /* alert-black-button@2x.png in Resources */,
				7BF206E01724EE0200E4944F /* alert-gray-button.png in Resources */,
				7BF206E11724EE0200E4944F /* alert-gray-button@2x.png in Resources */,
				7BF206E21724EE0200E4944F /* alert-red-button.png in Resources */,
				7BF206E31724EE0200E4944F /* alert-red-button@2x.png in Resources */,
				7BF206E41724EE0200E4944F /* alert-window-landscape.png in Resources */,
				7BF206E51724EE0200E4944F /* alert-window-landscape@2x.png in Resources */,
				7BF206E61724EE0200E4944F /* alert-window.png in Resources */,
				7BF206E71724EE0200E4944F /* alert-window@2x.png in Resources */,
				7BF206E81724EE0200E4944F /* arrived.png in Resources */,
				7BF206E91724EE0200E4944F /* arrived@2x.png in Resources */,
				7BF206EA1724EE0200E4944F /* button_grey.png in Resources */,
				7BF206EB1724EE0200E4944F /* button_grey@2x.png in Resources */,
				7BF206EC1724EE0200E4944F /* button_red.png in Resources */,
				7BF206ED1724EE0200E4944F /* button_red@2x.png in Resources */,
			);
			runOnlyForDeploymentPostprocessing = 0;
		};
/* End PBXResourcesBuildPhase section */

/* Begin PBXSourcesBuildPhase section */
		7B7C9899171E84FB0006968E /* Sources */ = {
			isa = PBXSourcesBuildPhase;
			buildActionMask = 2147483647;
			files = (
				7B7C98AD171E84FB0006968E /* main.m in Sources */,
				7B7C98B1171E84FB0006968E /* AppDelegate.m in Sources */,
				7B7C98BA171E84FB0006968E /* ViewController.m in Sources */,
				7B7C98C5171E85850006968E /* MyRateAlertView.m in Sources */,
				7B012D32171FAA0600BC575F /* Test.m in Sources */,
				7B8A927E1720FB4B007705B3 /* AppDevViewController.m in Sources */,
				7B8A929817214160007705B3 /* JSONKit.m in Sources */,
				7BF206AD1724EA3300E4944F /* BlockAlertView.m in Sources */,
				7BF206AE1724EA3300E4944F /* BlockBackground.m in Sources */,
			);
			runOnlyForDeploymentPostprocessing = 0;
		};
/* End PBXSourcesBuildPhase section */

/* Begin PBXVariantGroup section */
		7B7C98A9171E84FB0006968E /* InfoPlist.strings */ = {
			isa = PBXVariantGroup;
			children = (
				7B7C98AA171E84FB0006968E /* en */,
			);
			name = InfoPlist.strings;
			sourceTree = "<group>";
		};
/* End PBXVariantGroup section */

/* Begin XCBuildConfiguration section */
		7B7C98BE171E84FB0006968E /* Debug */ = {
			isa = XCBuildConfiguration;
			buildSettings = {
				ALWAYS_SEARCH_USER_PATHS = NO;
				CLANG_CXX_LANGUAGE_STANDARD = "gnu++0x";
				CLANG_CXX_LIBRARY = "libc++";
				CLANG_WARN_CONSTANT_CONVERSION = YES;
				CLANG_WARN_EMPTY_BODY = YES;
				CLANG_WARN_ENUM_CONVERSION = YES;
				CLANG_WARN_INT_CONVERSION = YES;
				CLANG_WARN__DUPLICATE_METHOD_MATCH = YES;
				"CODE_SIGN_IDENTITY[sdk=iphoneos*]" = "iPhone Developer";
				COPY_PHASE_STRIP = NO;
				GCC_C_LANGUAGE_STANDARD = gnu99;
				GCC_DYNAMIC_NO_PIC = NO;
				GCC_OPTIMIZATION_LEVEL = 0;
				GCC_PREPROCESSOR_DEFINITIONS = (
					"DEBUG=1",
					"$(inherited)",
				);
				GCC_SYMBOLS_PRIVATE_EXTERN = NO;
				GCC_WARN_ABOUT_RETURN_TYPE = YES;
				GCC_WARN_UNINITIALIZED_AUTOS = YES;
				GCC_WARN_UNUSED_VARIABLE = YES;
				IPHONEOS_DEPLOYMENT_TARGET = 6.1;
				ONLY_ACTIVE_ARCH = YES;
				SDKROOT = iphoneos;
			};
			name = Debug;
		};
		7B7C98BF171E84FB0006968E /* Release */ = {
			isa = XCBuildConfiguration;
			buildSettings = {
				ALWAYS_SEARCH_USER_PATHS = NO;
				CLANG_CXX_LANGUAGE_STANDARD = "gnu++0x";
				CLANG_CXX_LIBRARY = "libc++";
				CLANG_WARN_CONSTANT_CONVERSION = YES;
				CLANG_WARN_EMPTY_BODY = YES;
				CLANG_WARN_ENUM_CONVERSION = YES;
				CLANG_WARN_INT_CONVERSION = YES;
				CLANG_WARN__DUPLICATE_METHOD_MATCH = YES;
				"CODE_SIGN_IDENTITY[sdk=iphoneos*]" = "iPhone Developer";
				COPY_PHASE_STRIP = YES;
				GCC_C_LANGUAGE_STANDARD = gnu99;
				GCC_WARN_ABOUT_RETURN_TYPE = YES;
				GCC_WARN_UNINITIALIZED_AUTOS = YES;
				GCC_WARN_UNUSED_VARIABLE = YES;
				IPHONEOS_DEPLOYMENT_TARGET = 6.1;
				OTHER_CFLAGS = "-DNS_BLOCK_ASSERTIONS=1";
				SDKROOT = iphoneos;
				VALIDATE_PRODUCT = YES;
			};
			name = Release;
		};
		7B7C98C1171E84FB0006968E /* Debug */ = {
			isa = XCBuildConfiguration;
			buildSettings = {
				GCC_PRECOMPILE_PREFIX_HEADER = YES;
				GCC_PREFIX_HEADER = "RateViewTest/RateViewTest-Prefix.pch";
				INFOPLIST_FILE = "RateViewTest/RateViewTest-Info.plist";
				IPHONEOS_DEPLOYMENT_TARGET = 4.3;
				PRODUCT_NAME = "$(TARGET_NAME)";
				TARGETED_DEVICE_FAMILY = 1;
				WRAPPER_EXTENSION = app;
			};
			name = Debug;
		};
		7B7C98C2171E84FB0006968E /* Release */ = {
			isa = XCBuildConfiguration;
			buildSettings = {
				GCC_PRECOMPILE_PREFIX_HEADER = YES;
				GCC_PREFIX_HEADER = "RateViewTest/RateViewTest-Prefix.pch";
				INFOPLIST_FILE = "RateViewTest/RateViewTest-Info.plist";
				IPHONEOS_DEPLOYMENT_TARGET = 4.3;
				PRODUCT_NAME = "$(TARGET_NAME)";
				TARGETED_DEVICE_FAMILY = 1;
				WRAPPER_EXTENSION = app;
			};
			name = Release;
		};
/* End XCBuildConfiguration section */

/* Begin XCConfigurationList section */
		7B7C9898171E84FB0006968E /* Build configuration list for PBXProject "RateViewTest" */ = {
			isa = XCConfigurationList;
			buildConfigurations = (
				7B7C98BE171E84FB0006968E /* Debug */,
				7B7C98BF171E84FB0006968E /* Release */,
			);
			defaultConfigurationIsVisible = 0;
			defaultConfigurationName = Release;
		};
		7B7C98C0171E84FB0006968E /* Build configuration list for PBXNativeTarget "RateViewTest" */ = {
			isa = XCConfigurationList;
			buildConfigurations = (
				7B7C98C1171E84FB0006968E /* Debug */,
				7B7C98C2171E84FB0006968E /* Release */,
			);
			defaultConfigurationIsVisible = 0;
			defaultConfigurationName = Release;
		};
/* End XCConfigurationList section */
	};
	rootObject = 7B7C9895171E84FA0006968E /* Project object */;
}
